
Microsoft Visual Studio Solution File, Format Version 12.00
# Visual Studio Version 17
VisualStudioVersion = 17.14.36301.6
MinimumVisualStudioVersion = 10.0.40219.1
Project("{FAE04EC0-301F-11D3-BF4B-00C04F79EFBC}") = "Defuser_Imitation", "Defuser_Imitation\Defuser_Imitation.csproj", "{583040F0-D2F5-4F9D-8765-648198E958BC}"
EndProject
Project("{FAE04EC0-301F-11D3-BF4B-00C04F79EFBC}") = "Defuser_Imitation_Updater", "Defuser_Imitation_Updater\Defuser_Imitation_Updater.csproj", "{3B2F8B3C-3FF0-D2A8-4284-C223DC2FDEDF}"
EndProject
Global
	GlobalSection(SolutionConfigurationPlatforms) = preSolution
		Debug|Any CPU = Debug|Any CPU
		Release|Any CPU = Release|Any CPU
	EndGlobalSection
	GlobalSection(ProjectConfigurationPlatforms) = postSolution
		{583040F0-D2F5-4F9D-8765-648198E958BC}.Debug|Any CPU.ActiveCfg = Debug|Any CPU
		{583040F0-D2F5-4F9D-8765-648198E958BC}.Debug|Any CPU.Build.0 = Debug|Any CPU
		{583040F0-D2F5-4F9D-8765-648198E958BC}.Release|Any CPU.ActiveCfg = Release|Any CPU
		{583040F0-D2F5-4F9D-8765-648198E958BC}.Release|Any CPU.Build.0 = Release|Any CPU
		{3B2F8B3C-3FF0-D2A8-4284-C223DC2FDEDF}.Debug|Any CPU.ActiveCfg = Debug|Any CPU
		{3B2F8B3C-3FF0-D2A8-4284-C223DC2FDEDF}.Debug|Any CPU.Build.0 = Debug|Any CPU
		{3B2F8B3C-3FF0-D2A8-4284-C223DC2FDEDF}.Release|Any CPU.ActiveCfg = Release|Any CPU
		{3B2F8B3C-3FF0-D2A8-4284-C223DC2FDEDF}.Release|Any CPU.Build.0 = Release|Any CPU
	EndGlobalSection
	GlobalSection(SolutionProperties) = preSolution
		HideSolutionNode = FALSE
	EndGlobalSection
	GlobalSection(ExtensibilityGlobals) = postSolution
		SolutionGuid = {AF96931C-5076-45B5-98FE-175FD83ED4C3}
	EndGlobalSection
EndGlobal
